Microsoft Visual Studio Solution File, Format Version 11.00
# Visual Studio 2008

Project("{6E23EAEE-14E4-0D3F-FBA3-E6785D542FCB}") = "SuperDoodleBros", "Assembly-CSharp.csproj", "{FE5973BE-54F5-2E30-2662-DCD9B66783AA}"
EndProject
Global
	GlobalSection(SolutionConfigurationPlatforms) = preSolution
		Debug|Any CPU = Debug|Any CPU
		Release|Any CPU = Release|Any CPU
	EndGlobalSection
	GlobalSection(ProjectConfigurationPlatforms) = postSolution
		{FE5973BE-54F5-2E30-2662-DCD9B66783AA}.Debug|Any CPU.ActiveCfg = Debug|Any CPU
		{FE5973BE-54F5-2E30-2662-DCD9B66783AA}.Debug|Any CPU.Build.0 = Debug|Any CPU
		{FE5973BE-54F5-2E30-2662-DCD9B66783AA}.Release|Any CPU.ActiveCfg = Release|Any CPU
		{FE5973BE-54F5-2E30-2662-DCD9B66783AA}.Release|Any CPU.Build.0 = Release|Any CPU
	EndGlobalSection
	GlobalSection(SolutionProperties) = preSolution
		HideSolutionNode = FALSE
	EndGlobalSection
	GlobalSection(MonoDevelopProperties) = preSolution
		StartupItem = Assembly-CSharp.csproj
	EndGlobalSection
EndGlobal
